
Microsoft Visual Studio Solution File, Format Version 12.00
# Visual Studio Version 17
VisualStudioVersion = 17.11.35208.52
MinimumVisualStudioVersion = 10.0.40219.1
Project("{FAE04EC0-301F-11D3-BF4B-00C04F79EFBC}") = "WebApiProjects", "WebApiProjects\WebApiProjects.csproj", "{51D0D34E-ABCA-4465-BE27-C49D9CD1D92E}"
EndProject
Project("{FAE04EC0-301F-11D3-BF4B-00C04F79EFBC}") = "CodeFirstOrnek", "CodeFirstOrnek\CodeFirstOrnek.csproj", "{D0A11DED-F84C-4D74-8F2E-26EFEE474711}"
EndProject
Global
	GlobalSection(SolutionConfigurationPlatforms) = preSolution
		Debug|Any CPU = Debug|Any CPU
		Release|Any CPU = Release|Any CPU
	EndGlobalSection
	GlobalSection(ProjectConfigurationPlatforms) = postSolution
		{51D0D34E-ABCA-4465-BE27-C49D9CD1D92E}.Debug|Any CPU.ActiveCfg = Debug|Any CPU
		{51D0D34E-ABCA-4465-BE27-C49D9CD1D92E}.Debug|Any CPU.Build.0 = Debug|Any CPU
		{51D0D34E-ABCA-4465-BE27-C49D9CD1D92E}.Release|Any CPU.ActiveCfg = Release|Any CPU
		{51D0D34E-ABCA-4465-BE27-C49D9CD1D92E}.Release|Any CPU.Build.0 = Release|Any CPU
		{D0A11DED-F84C-4D74-8F2E-26EFEE474711}.Debug|Any CPU.ActiveCfg = Debug|Any CPU
		{D0A11DED-F84C-4D74-8F2E-26EFEE474711}.Debug|Any CPU.Build.0 = Debug|Any CPU
		{D0A11DED-F84C-4D74-8F2E-26EFEE474711}.Release|Any CPU.ActiveCfg = Release|Any CPU
		{D0A11DED-F84C-4D74-8F2E-26EFEE474711}.Release|Any CPU.Build.0 = Release|Any CPU
	EndGlobalSection
	GlobalSection(SolutionProperties) = preSolution
		HideSolutionNode = FALSE
	EndGlobalSection
	GlobalSection(ExtensibilityGlobals) = postSolution
		SolutionGuid = {92B2D6B8-3A3E-4FC9-AADC-5EEAF923A753}
	EndGlobalSection
EndGlobal
