
Microsoft Visual Studio Solution File, Format Version 12.00
# Visual Studio Version 17
VisualStudioVersion = 17.11.35208.52
MinimumVisualStudioVersion = 10.0.40219.1
Project("{9A19103F-16F7-4668-BE54-9A1E7A4F7556}") = "WebApiProjects", "WebApiProjects\WebApiProjects.csproj", "{51D0D34E-ABCA-4465-BE27-C49D9CD1D92E}"
EndProject
Project("{9A19103F-16F7-4668-BE54-9A1E7A4F7556}") = "CodeFirstOrnek", "CodeFirstOrnek\CodeFirstOrnek.csproj", "{D0A11DED-F84C-4D74-8F2E-26EFEE474711}"
EndProject
Project("{9A19103F-16F7-4668-BE54-9A1E7A4F7556}") = "MvcOrnek", "MvcOrnek\MvcOrnek.csproj", "{EA13CD61-F910-4175-8A43-AF66D3A5A2ED}"
EndProject
Project("{FAE04EC0-301F-11D3-BF4B-00C04F79EFBC}") = "JwtOrnek", "JwtOrnek\JwtOrnek.csproj", "{DF763BB3-D4F4-4D80-ADA9-031090A22E9F}"
EndProject
Global
	GlobalSection(SolutionConfigurationPlatforms) = preSolution
		Debug|Any CPU = Debug|Any CPU
		Release|Any CPU = Release|Any CPU
	EndGlobalSection
	GlobalSection(ProjectConfigurationPlatforms) = postSolution
		{51D0D34E-ABCA-4465-BE27-C49D9CD1D92E}.Debug|Any CPU.ActiveCfg = Debug|Any CPU
		{51D0D34E-ABCA-4465-BE27-C49D9CD1D92E}.Debug|Any CPU.Build.0 = Debug|Any CPU
		{51D0D34E-ABCA-4465-BE27-C49D9CD1D92E}.Release|Any CPU.ActiveCfg = Release|Any CPU
		{51D0D34E-ABCA-4465-BE27-C49D9CD1D92E}.Release|Any CPU.Build.0 = Release|Any CPU
		{D0A11DED-F84C-4D74-8F2E-26EFEE474711}.Debug|Any CPU.ActiveCfg = Debug|Any CPU
		{D0A11DED-F84C-4D74-8F2E-26EFEE474711}.Debug|Any CPU.Build.0 = Debug|Any CPU
		{D0A11DED-F84C-4D74-8F2E-26EFEE474711}.Release|Any CPU.ActiveCfg = Release|Any CPU
		{D0A11DED-F84C-4D74-8F2E-26EFEE474711}.Release|Any CPU.Build.0 = Release|Any CPU
		{EA13CD61-F910-4175-8A43-AF66D3A5A2ED}.Debug|Any CPU.ActiveCfg = Debug|Any CPU
		{EA13CD61-F910-4175-8A43-AF66D3A5A2ED}.Debug|Any CPU.Build.0 = Debug|Any CPU
		{EA13CD61-F910-4175-8A43-AF66D3A5A2ED}.Release|Any CPU.ActiveCfg = Release|Any CPU
		{EA13CD61-F910-4175-8A43-AF66D3A5A2ED}.Release|Any CPU.Build.0 = Release|Any CPU
		{DF763BB3-D4F4-4D80-ADA9-031090A22E9F}.Debug|Any CPU.ActiveCfg = Debug|Any CPU
		{DF763BB3-D4F4-4D80-ADA9-031090A22E9F}.Debug|Any CPU.Build.0 = Debug|Any CPU
		{DF763BB3-D4F4-4D80-ADA9-031090A22E9F}.Release|Any CPU.ActiveCfg = Release|Any CPU
		{DF763BB3-D4F4-4D80-ADA9-031090A22E9F}.Release|Any CPU.Build.0 = Release|Any CPU
	EndGlobalSection
	GlobalSection(SolutionProperties) = preSolution
		HideSolutionNode = FALSE
	EndGlobalSection
	GlobalSection(ExtensibilityGlobals) = postSolution
		SolutionGuid = {92B2D6B8-3A3E-4FC9-AADC-5EEAF923A753}
	EndGlobalSection
EndGlobal
